{
  "name": "syncmytime",
  "version": "0.5.3",
  "lockfileVersion": 1,
  "requires": true,
  "dependencies": {
    "@types/node": {
      "version": "14.17.3",
      "resolved": "https://registry.npmjs.org/@types/node/-/node-14.17.3.tgz",
      "integrity": "sha512-e6ZowgGJmTuXa3GyaPbTGxX17tnThl2aSSizrFthQ7m9uLGZBXiGhgE55cjRZTF5kjZvYn9EOPOMljdjwbflxw==",
      "dev": true
    }
  }
}
